
Microsoft Visual Studio Solution File, Format Version 12.00
# Visual Studio Version 17
VisualStudioVersion = 17.2.32602.215
MinimumVisualStudioVersion = 10.0.40219.1
Project("{FAE04EC0-301F-11D3-BF4B-00C04F79EFBC}") = "MyWinForms", "MyWinForms\MyWinForms.csproj", "{2B912287-7A40-46EE-B684-9CC45A93813C}"
EndProject
Project("{FAE04EC0-301F-11D3-BF4B-00C04F79EFBC}") = "Sample", "Sample\Sample.csproj", "{24261094-B57F-452A-A51B-7D2CFEC79AE7}"
EndProject
Global
	GlobalSection(SolutionConfigurationPlatforms) = preSolution
		Debug|Any CPU = Debug|Any CPU
		Release|Any CPU = Release|Any CPU
	EndGlobalSection
	GlobalSection(ProjectConfigurationPlatforms) = postSolution
		{2B912287-7A40-46EE-B684-9CC45A93813C}.Debug|Any CPU.ActiveCfg = Debug|Any CPU
		{2B912287-7A40-46EE-B684-9CC45A93813C}.Debug|Any CPU.Build.0 = Debug|Any CPU
		{2B912287-7A40-46EE-B684-9CC45A93813C}.Release|Any CPU.ActiveCfg = Release|Any CPU
		{2B912287-7A40-46EE-B684-9CC45A93813C}.Release|Any CPU.Build.0 = Release|Any CPU
		{24261094-B57F-452A-A51B-7D2CFEC79AE7}.Debug|Any CPU.ActiveCfg = Debug|Any CPU
		{24261094-B57F-452A-A51B-7D2CFEC79AE7}.Debug|Any CPU.Build.0 = Debug|Any CPU
		{24261094-B57F-452A-A51B-7D2CFEC79AE7}.Release|Any CPU.ActiveCfg = Release|Any CPU
		{24261094-B57F-452A-A51B-7D2CFEC79AE7}.Release|Any CPU.Build.0 = Release|Any CPU
	EndGlobalSection
	GlobalSection(SolutionProperties) = preSolution
		HideSolutionNode = FALSE
	EndGlobalSection
	GlobalSection(ExtensibilityGlobals) = postSolution
		SolutionGuid = {CEBA3D9B-5BB3-41E9-B4A0-2356C283DAD9}
	EndGlobalSection
EndGlobal
